
Microsoft Visual Studio Solution File, Format Version 12.00
# Visual Studio Version 16
VisualStudioVersion = 16.0.29509.3
MinimumVisualStudioVersion = 10.0.40219.1
Project("{2150E333-8FDC-42A3-9474-1A3956D46DE8}") = "src", "src", "{06F6AE32-96D9-48D4-B18A-D7676D080294}"
EndProject
Project("{2150E333-8FDC-42A3-9474-1A3956D46DE8}") = "Product", "Product", "{2D9CD81B-C325-4439-8AFC-2B55CE6BC157}"
EndProject
Project("{2150E333-8FDC-42A3-9474-1A3956D46DE8}") = "Sourcing", "Sourcing", "{98B640A6-14C9-44DE-867D-D6D004470DF8}"
EndProject
Project("{2150E333-8FDC-42A3-9474-1A3956D46DE8}") = "Order", "Order", "{FF5AB097-536A-433F-A06A-8F3FF8B6D118}"
EndProject
Project("{9A19103F-16F7-4668-BE54-9A1E7A4F7556}") = "ESourcing.Product", "ESourcing.Product\ESourcing.Product.csproj", "{4C256EA1-0B20-47DA-9FB9-88896453CA21}"
EndProject
Project("{9A19103F-16F7-4668-BE54-9A1E7A4F7556}") = "ESourcing.Sourcing", "ESourcing.Sourcing\ESourcing.Sourcing.csproj", "{0061C0CB-B693-46BD-8B83-40D897C01D58}"
EndProject
Project("{E53339B2-1760-4266-BCC7-CA923CBCF16C}") = "docker-compose", "docker-compose.dcproj", "{C64E4E39-D841-493B-8232-0FB18FC3B664}"
EndProject
Project("{9A19103F-16F7-4668-BE54-9A1E7A4F7556}") = "ESourcing.Order", "ESourcing.Order\ESourcing.Order.csproj", "{CE7EA0D3-6A6E-4C75-B368-1F56556BCFF3}"
EndProject
Project("{2150E333-8FDC-42A3-9474-1A3956D46DE8}") = "WebApp", "WebApp", "{2DBB6AFD-552E-4ED3-B169-D6AB8B809128}"
EndProject
Project("{9A19103F-16F7-4668-BE54-9A1E7A4F7556}") = "ESourcing.WebApp", "ESourcing.WebApp\ESourcing.WebApp.csproj", "{4056BD45-433B-4316-BA2B-ABD08405B65E}"
EndProject
Global
	GlobalSection(SolutionConfigurationPlatforms) = preSolution
		Debug|Any CPU = Debug|Any CPU
		Release|Any CPU = Release|Any CPU
	EndGlobalSection
	GlobalSection(ProjectConfigurationPlatforms) = postSolution
		{4C256EA1-0B20-47DA-9FB9-88896453CA21}.Debug|Any CPU.ActiveCfg = Debug|Any CPU
		{4C256EA1-0B20-47DA-9FB9-88896453CA21}.Debug|Any CPU.Build.0 = Debug|Any CPU
		{4C256EA1-0B20-47DA-9FB9-88896453CA21}.Release|Any CPU.ActiveCfg = Release|Any CPU
		{4C256EA1-0B20-47DA-9FB9-88896453CA21}.Release|Any CPU.Build.0 = Release|Any CPU
		{0061C0CB-B693-46BD-8B83-40D897C01D58}.Debug|Any CPU.ActiveCfg = Debug|Any CPU
		{0061C0CB-B693-46BD-8B83-40D897C01D58}.Debug|Any CPU.Build.0 = Debug|Any CPU
		{0061C0CB-B693-46BD-8B83-40D897C01D58}.Release|Any CPU.ActiveCfg = Release|Any CPU
		{0061C0CB-B693-46BD-8B83-40D897C01D58}.Release|Any CPU.Build.0 = Release|Any CPU
		{C64E4E39-D841-493B-8232-0FB18FC3B664}.Debug|Any CPU.ActiveCfg = Debug|Any CPU
		{C64E4E39-D841-493B-8232-0FB18FC3B664}.Debug|Any CPU.Build.0 = Debug|Any CPU
		{C64E4E39-D841-493B-8232-0FB18FC3B664}.Release|Any CPU.ActiveCfg = Release|Any CPU
		{C64E4E39-D841-493B-8232-0FB18FC3B664}.Release|Any CPU.Build.0 = Release|Any CPU
		{CE7EA0D3-6A6E-4C75-B368-1F56556BCFF3}.Debug|Any CPU.ActiveCfg = Debug|Any CPU
		{CE7EA0D3-6A6E-4C75-B368-1F56556BCFF3}.Debug|Any CPU.Build.0 = Debug|Any CPU
		{CE7EA0D3-6A6E-4C75-B368-1F56556BCFF3}.Release|Any CPU.ActiveCfg = Release|Any CPU
		{CE7EA0D3-6A6E-4C75-B368-1F56556BCFF3}.Release|Any CPU.Build.0 = Release|Any CPU
		{4056BD45-433B-4316-BA2B-ABD08405B65E}.Debug|Any CPU.ActiveCfg = Debug|Any CPU
		{4056BD45-433B-4316-BA2B-ABD08405B65E}.Debug|Any CPU.Build.0 = Debug|Any CPU
		{4056BD45-433B-4316-BA2B-ABD08405B65E}.Release|Any CPU.ActiveCfg = Release|Any CPU
		{4056BD45-433B-4316-BA2B-ABD08405B65E}.Release|Any CPU.Build.0 = Release|Any CPU
	EndGlobalSection
	GlobalSection(SolutionProperties) = preSolution
		HideSolutionNode = FALSE
	EndGlobalSection
	GlobalSection(NestedProjects) = preSolution
		{2D9CD81B-C325-4439-8AFC-2B55CE6BC157} = {06F6AE32-96D9-48D4-B18A-D7676D080294}
		{98B640A6-14C9-44DE-867D-D6D004470DF8} = {06F6AE32-96D9-48D4-B18A-D7676D080294}
		{FF5AB097-536A-433F-A06A-8F3FF8B6D118} = {06F6AE32-96D9-48D4-B18A-D7676D080294}
		{4C256EA1-0B20-47DA-9FB9-88896453CA21} = {2D9CD81B-C325-4439-8AFC-2B55CE6BC157}
		{0061C0CB-B693-46BD-8B83-40D897C01D58} = {98B640A6-14C9-44DE-867D-D6D004470DF8}
		{CE7EA0D3-6A6E-4C75-B368-1F56556BCFF3} = {FF5AB097-536A-433F-A06A-8F3FF8B6D118}
		{2DBB6AFD-552E-4ED3-B169-D6AB8B809128} = {06F6AE32-96D9-48D4-B18A-D7676D080294}
		{4056BD45-433B-4316-BA2B-ABD08405B65E} = {2DBB6AFD-552E-4ED3-B169-D6AB8B809128}
	EndGlobalSection
	GlobalSection(ExtensibilityGlobals) = postSolution
		SolutionGuid = {A2585A41-FE44-4E24-916F-D497A86CAADA}
	EndGlobalSection
EndGlobal
