
Microsoft Visual Studio Solution File, Format Version 12.00
# Visual Studio Version 16
VisualStudioVersion = 16.0.29509.3
MinimumVisualStudioVersion = 10.0.40219.1
Project("{2150E333-8FDC-42A3-9474-1A3956D46DE8}") = "src", "src", "{06F6AE32-96D9-48D4-B18A-D7676D080294}"
EndProject
Project("{2150E333-8FDC-42A3-9474-1A3956D46DE8}") = "Product", "Product", "{2D9CD81B-C325-4439-8AFC-2B55CE6BC157}"
EndProject
Project("{2150E333-8FDC-42A3-9474-1A3956D46DE8}") = "Sourcing", "Sourcing", "{98B640A6-14C9-44DE-867D-D6D004470DF8}"
EndProject
Project("{2150E333-8FDC-42A3-9474-1A3956D46DE8}") = "Order", "Order", "{FF5AB097-536A-433F-A06A-8F3FF8B6D118}"
EndProject
Project("{9A19103F-16F7-4668-BE54-9A1E7A4F7556}") = "ESourcing.Product", "ESourcing.Product\ESourcing.Product.csproj", "{4C256EA1-0B20-47DA-9FB9-88896453CA21}"
EndProject
Project("{9A19103F-16F7-4668-BE54-9A1E7A4F7556}") = "ESourcing.Sourcing", "ESourcing.Sourcing\ESourcing.Sourcing.csproj", "{0061C0CB-B693-46BD-8B83-40D897C01D58}"
EndProject
Project("{E53339B2-1760-4266-BCC7-CA923CBCF16C}") = "docker-compose", "docker-compose.dcproj", "{C64E4E39-D841-493B-8232-0FB18FC3B664}"
EndProject
Project("{9A19103F-16F7-4668-BE54-9A1E7A4F7556}") = "ESourcing.Order", "ESourcing.Order\ESourcing.Order.csproj", "{CE7EA0D3-6A6E-4C75-B368-1F56556BCFF3}"
EndProject
Project("{2150E333-8FDC-42A3-9474-1A3956D46DE8}") = "WebApp", "WebApp", "{2DBB6AFD-552E-4ED3-B169-D6AB8B809128}"
EndProject
Project("{2150E333-8FDC-42A3-9474-1A3956D46DE8}") = "Common", "Common", "{7511A4DC-A1AC-4BA8-9BFD-77B61AA00450}"
EndProject
Project("{9A19103F-16F7-4668-BE54-9A1E7A4F7556}") = "EventBusRabbitMQ", "EventBusRabbitMQ\EventBusRabbitMQ.csproj", "{92EE7911-FBB9-4328-A74D-6296B43EB5E1}"
EndProject
Project("{9A19103F-16F7-4668-BE54-9A1E7A4F7556}") = "Ordering.Application", "Order.Application\Ordering.Application.csproj", "{3CC9DCD6-F906-45B8-8026-A5162E69BEAC}"
EndProject
Project("{9A19103F-16F7-4668-BE54-9A1E7A4F7556}") = "Ordering.Domain", "Order.Core\Ordering.Domain.csproj", "{2425D814-202D-47EC-B5D4-B2D40D3AB7F4}"
EndProject
Project("{2150E333-8FDC-42A3-9474-1A3956D46DE8}") = "Services", "Services", "{3B7A26E7-6690-463C-874D-DC60E7606063}"
EndProject
Project("{2150E333-8FDC-42A3-9474-1A3956D46DE8}") = "ApiGateway", "ApiGateway", "{9A8F99BD-EA3F-4E0A-8D31-59A86A255385}"
EndProject
Project("{9A19103F-16F7-4668-BE54-9A1E7A4F7556}") = "Ordering.Infrastructure", "Order.Infrastructure\Ordering.Infrastructure.csproj", "{B4983BAC-4B57-4A46-89CD-73630A9EA89D}"
EndProject
Project("{9A19103F-16F7-4668-BE54-9A1E7A4F7556}") = "ESourcing.UI", "ESourcing.UI\ESourcing.UI.csproj", "{DC0677AC-D0F4-4E81-B585-B87A234104A5}"
EndProject
Project("{9A19103F-16F7-4668-BE54-9A1E7A4F7556}") = "ESourcing.Core", "ESourcing.Core\ESourcing.Core.csproj", "{FD0F15A5-687C-4368-9152-4B0128532D07}"
EndProject
Project("{9A19103F-16F7-4668-BE54-9A1E7A4F7556}") = "ESourcing.Infrastructure", "ESourcing.Infrastructure\ESourcing.Infrastructure.csproj", "{B4C8A070-6531-46AB-B5D5-5891FEA6FCCE}"
EndProject
Project("{9A19103F-16F7-4668-BE54-9A1E7A4F7556}") = "ESourcing.APIGateway", "ESourcing.APIGateway\ESourcing.APIGateway.csproj", "{C57404E2-67E5-4B59-B550-F1DA15EF5ADF}"
EndProject
Global
	GlobalSection(SolutionConfigurationPlatforms) = preSolution
		Debug|Any CPU = Debug|Any CPU
		Release|Any CPU = Release|Any CPU
	EndGlobalSection
	GlobalSection(ProjectConfigurationPlatforms) = postSolution
		{4C256EA1-0B20-47DA-9FB9-88896453CA21}.Debug|Any CPU.ActiveCfg = Debug|Any CPU
		{4C256EA1-0B20-47DA-9FB9-88896453CA21}.Debug|Any CPU.Build.0 = Debug|Any CPU
		{4C256EA1-0B20-47DA-9FB9-88896453CA21}.Release|Any CPU.ActiveCfg = Release|Any CPU
		{4C256EA1-0B20-47DA-9FB9-88896453CA21}.Release|Any CPU.Build.0 = Release|Any CPU
		{0061C0CB-B693-46BD-8B83-40D897C01D58}.Debug|Any CPU.ActiveCfg = Debug|Any CPU
		{0061C0CB-B693-46BD-8B83-40D897C01D58}.Debug|Any CPU.Build.0 = Debug|Any CPU
		{0061C0CB-B693-46BD-8B83-40D897C01D58}.Release|Any CPU.ActiveCfg = Release|Any CPU
		{0061C0CB-B693-46BD-8B83-40D897C01D58}.Release|Any CPU.Build.0 = Release|Any CPU
		{C64E4E39-D841-493B-8232-0FB18FC3B664}.Debug|Any CPU.ActiveCfg = Debug|Any CPU
		{C64E4E39-D841-493B-8232-0FB18FC3B664}.Debug|Any CPU.Build.0 = Debug|Any CPU
		{C64E4E39-D841-493B-8232-0FB18FC3B664}.Release|Any CPU.ActiveCfg = Release|Any CPU
		{C64E4E39-D841-493B-8232-0FB18FC3B664}.Release|Any CPU.Build.0 = Release|Any CPU
		{CE7EA0D3-6A6E-4C75-B368-1F56556BCFF3}.Debug|Any CPU.ActiveCfg = Debug|Any CPU
		{CE7EA0D3-6A6E-4C75-B368-1F56556BCFF3}.Debug|Any CPU.Build.0 = Debug|Any CPU
		{CE7EA0D3-6A6E-4C75-B368-1F56556BCFF3}.Release|Any CPU.ActiveCfg = Release|Any CPU
		{CE7EA0D3-6A6E-4C75-B368-1F56556BCFF3}.Release|Any CPU.Build.0 = Release|Any CPU
		{92EE7911-FBB9-4328-A74D-6296B43EB5E1}.Debug|Any CPU.ActiveCfg = Debug|Any CPU
		{92EE7911-FBB9-4328-A74D-6296B43EB5E1}.Debug|Any CPU.Build.0 = Debug|Any CPU
		{92EE7911-FBB9-4328-A74D-6296B43EB5E1}.Release|Any CPU.ActiveCfg = Release|Any CPU
		{92EE7911-FBB9-4328-A74D-6296B43EB5E1}.Release|Any CPU.Build.0 = Release|Any CPU
		{3CC9DCD6-F906-45B8-8026-A5162E69BEAC}.Debug|Any CPU.ActiveCfg = Debug|Any CPU
		{3CC9DCD6-F906-45B8-8026-A5162E69BEAC}.Debug|Any CPU.Build.0 = Debug|Any CPU
		{3CC9DCD6-F906-45B8-8026-A5162E69BEAC}.Release|Any CPU.ActiveCfg = Release|Any CPU
		{3CC9DCD6-F906-45B8-8026-A5162E69BEAC}.Release|Any CPU.Build.0 = Release|Any CPU
		{2425D814-202D-47EC-B5D4-B2D40D3AB7F4}.Debug|Any CPU.ActiveCfg = Debug|Any CPU
		{2425D814-202D-47EC-B5D4-B2D40D3AB7F4}.Debug|Any CPU.Build.0 = Debug|Any CPU
		{2425D814-202D-47EC-B5D4-B2D40D3AB7F4}.Release|Any CPU.ActiveCfg = Release|Any CPU
		{2425D814-202D-47EC-B5D4-B2D40D3AB7F4}.Release|Any CPU.Build.0 = Release|Any CPU
		{B4983BAC-4B57-4A46-89CD-73630A9EA89D}.Debug|Any CPU.ActiveCfg = Debug|Any CPU
		{B4983BAC-4B57-4A46-89CD-73630A9EA89D}.Debug|Any CPU.Build.0 = Debug|Any CPU
		{B4983BAC-4B57-4A46-89CD-73630A9EA89D}.Release|Any CPU.ActiveCfg = Release|Any CPU
		{B4983BAC-4B57-4A46-89CD-73630A9EA89D}.Release|Any CPU.Build.0 = Release|Any CPU
		{DC0677AC-D0F4-4E81-B585-B87A234104A5}.Debug|Any CPU.ActiveCfg = Debug|Any CPU
		{DC0677AC-D0F4-4E81-B585-B87A234104A5}.Debug|Any CPU.Build.0 = Debug|Any CPU
		{DC0677AC-D0F4-4E81-B585-B87A234104A5}.Release|Any CPU.ActiveCfg = Release|Any CPU
		{DC0677AC-D0F4-4E81-B585-B87A234104A5}.Release|Any CPU.Build.0 = Release|Any CPU
		{FD0F15A5-687C-4368-9152-4B0128532D07}.Debug|Any CPU.ActiveCfg = Debug|Any CPU
		{FD0F15A5-687C-4368-9152-4B0128532D07}.Debug|Any CPU.Build.0 = Debug|Any CPU
		{FD0F15A5-687C-4368-9152-4B0128532D07}.Release|Any CPU.ActiveCfg = Release|Any CPU
		{FD0F15A5-687C-4368-9152-4B0128532D07}.Release|Any CPU.Build.0 = Release|Any CPU
		{B4C8A070-6531-46AB-B5D5-5891FEA6FCCE}.Debug|Any CPU.ActiveCfg = Debug|Any CPU
		{B4C8A070-6531-46AB-B5D5-5891FEA6FCCE}.Debug|Any CPU.Build.0 = Debug|Any CPU
		{B4C8A070-6531-46AB-B5D5-5891FEA6FCCE}.Release|Any CPU.ActiveCfg = Release|Any CPU
		{B4C8A070-6531-46AB-B5D5-5891FEA6FCCE}.Release|Any CPU.Build.0 = Release|Any CPU
		{C57404E2-67E5-4B59-B550-F1DA15EF5ADF}.Debug|Any CPU.ActiveCfg = Debug|Any CPU
		{C57404E2-67E5-4B59-B550-F1DA15EF5ADF}.Debug|Any CPU.Build.0 = Debug|Any CPU
		{C57404E2-67E5-4B59-B550-F1DA15EF5ADF}.Release|Any CPU.ActiveCfg = Release|Any CPU
		{C57404E2-67E5-4B59-B550-F1DA15EF5ADF}.Release|Any CPU.Build.0 = Release|Any CPU
	EndGlobalSection
	GlobalSection(SolutionProperties) = preSolution
		HideSolutionNode = FALSE
	EndGlobalSection
	GlobalSection(NestedProjects) = preSolution
		{2D9CD81B-C325-4439-8AFC-2B55CE6BC157} = {3B7A26E7-6690-463C-874D-DC60E7606063}
		{98B640A6-14C9-44DE-867D-D6D004470DF8} = {3B7A26E7-6690-463C-874D-DC60E7606063}
		{FF5AB097-536A-433F-A06A-8F3FF8B6D118} = {3B7A26E7-6690-463C-874D-DC60E7606063}
		{4C256EA1-0B20-47DA-9FB9-88896453CA21} = {2D9CD81B-C325-4439-8AFC-2B55CE6BC157}
		{0061C0CB-B693-46BD-8B83-40D897C01D58} = {98B640A6-14C9-44DE-867D-D6D004470DF8}
		{CE7EA0D3-6A6E-4C75-B368-1F56556BCFF3} = {FF5AB097-536A-433F-A06A-8F3FF8B6D118}
		{2DBB6AFD-552E-4ED3-B169-D6AB8B809128} = {06F6AE32-96D9-48D4-B18A-D7676D080294}
		{7511A4DC-A1AC-4BA8-9BFD-77B61AA00450} = {3B7A26E7-6690-463C-874D-DC60E7606063}
		{92EE7911-FBB9-4328-A74D-6296B43EB5E1} = {7511A4DC-A1AC-4BA8-9BFD-77B61AA00450}
		{3CC9DCD6-F906-45B8-8026-A5162E69BEAC} = {FF5AB097-536A-433F-A06A-8F3FF8B6D118}
		{2425D814-202D-47EC-B5D4-B2D40D3AB7F4} = {FF5AB097-536A-433F-A06A-8F3FF8B6D118}
		{3B7A26E7-6690-463C-874D-DC60E7606063} = {06F6AE32-96D9-48D4-B18A-D7676D080294}
		{9A8F99BD-EA3F-4E0A-8D31-59A86A255385} = {06F6AE32-96D9-48D4-B18A-D7676D080294}
		{B4983BAC-4B57-4A46-89CD-73630A9EA89D} = {FF5AB097-536A-433F-A06A-8F3FF8B6D118}
		{DC0677AC-D0F4-4E81-B585-B87A234104A5} = {2DBB6AFD-552E-4ED3-B169-D6AB8B809128}
		{FD0F15A5-687C-4368-9152-4B0128532D07} = {2DBB6AFD-552E-4ED3-B169-D6AB8B809128}
		{B4C8A070-6531-46AB-B5D5-5891FEA6FCCE} = {2DBB6AFD-552E-4ED3-B169-D6AB8B809128}
		{C57404E2-67E5-4B59-B550-F1DA15EF5ADF} = {9A8F99BD-EA3F-4E0A-8D31-59A86A255385}
	EndGlobalSection
	GlobalSection(ExtensibilityGlobals) = postSolution
		SolutionGuid = {A2585A41-FE44-4E24-916F-D497A86CAADA}
	EndGlobalSection
EndGlobal
